// !$*UTF8*$!
{
	archiveVersion = 1;
	classes = {
	};
	objectVersion = 56;
	objects = {

/* Begin PBXBuildFile section */
		43106CDD29F748CB005A7595 /* PhotoPostView.swift in Sources */ = {isa = PBXBuildFile; fileRef = 43106CDC29F748CB005A7595 /* PhotoPostView.swift */; };
		43259E2129F72F8300881C8B /* AppDelegate.swift in Sources */ = {isa = PBXBuildFile; fileRef = 43259E2029F72F8300881C8B /* AppDelegate.swift */; };
		43259E2329F72F8300881C8B /* SceneDelegate.swift in Sources */ = {isa = PBXBuildFile; fileRef = 43259E2229F72F8300881C8B /* SceneDelegate.swift */; };
		43259E2A29F72F8400881C8B /* Assets.xcassets in Resources */ = {isa = PBXBuildFile; fileRef = 43259E2929F72F8400881C8B /* Assets.xcassets */; };
		43259E2D29F72F8400881C8B /* LaunchScreen.storyboard in Resources */ = {isa = PBXBuildFile; fileRef = 43259E2B29F72F8400881C8B /* LaunchScreen.storyboard */; };
		43259E3829F72F8500881C8B /* MomentTests.swift in Sources */ = {isa = PBXBuildFile; fileRef = 43259E3729F72F8500881C8B /* MomentTests.swift */; };
		43259E4229F72F8500881C8B /* MomentUITests.swift in Sources */ = {isa = PBXBuildFile; fileRef = 43259E4129F72F8500881C8B /* MomentUITests.swift */; };
		43259E4429F72F8500881C8B /* MomentUITestsLaunchTests.swift in Sources */ = {isa = PBXBuildFile; fileRef = 43259E4329F72F8500881C8B /* MomentUITestsLaunchTests.swift */; };
		43259E5229F7308300881C8B /* Swinject in Frameworks */ = {isa = PBXBuildFile; productRef = 43259E5129F7308300881C8B /* Swinject */; };
		43259E5B29F730F800881C8B /* NibLoadable.swift in Sources */ = {isa = PBXBuildFile; fileRef = 43259E5A29F730F800881C8B /* NibLoadable.swift */; };
		43259E5E29F7313800881C8B /* ViewControllerFactory.swift in Sources */ = {isa = PBXBuildFile; fileRef = 43259E5D29F7313800881C8B /* ViewControllerFactory.swift */; };
		43259E6129F7315600881C8B /* HomeViewController.swift in Sources */ = {isa = PBXBuildFile; fileRef = 43259E5F29F7315600881C8B /* HomeViewController.swift */; };
		43259E6229F7315600881C8B /* HomeViewController.xib in Resources */ = {isa = PBXBuildFile; fileRef = 43259E6029F7315600881C8B /* HomeViewController.xib */; };
		43259E6529F731C900881C8B /* HomeAssembly.swift in Sources */ = {isa = PBXBuildFile; fileRef = 43259E6429F731C900881C8B /* HomeAssembly.swift */; };
		43259E6829F7323700881C8B /* ViewControllerFactoryAssembly.swift in Sources */ = {isa = PBXBuildFile; fileRef = 43259E6729F7323700881C8B /* ViewControllerFactoryAssembly.swift */; };
		43259E6A29F7375E00881C8B /* PhotosPostView.swift in Sources */ = {isa = PBXBuildFile; fileRef = 43259E6929F7375E00881C8B /* PhotosPostView.swift */; };
/* End PBXBuildFile section */

/* Begin PBXContainerItemProxy section */
		43259E3429F72F8500881C8B /* PBXContainerItemProxy */ = {
			isa = PBXContainerItemProxy;
			containerPortal = 43259E1529F72F8300881C8B /* Project object */;
			proxyType = 1;
			remoteGlobalIDString = 43259E1C29F72F8300881C8B;
			remoteInfo = Moment;
		};
		43259E3E29F72F8500881C8B /* PBXContainerItemProxy */ = {
			isa = PBXContainerItemProxy;
			containerPortal = 43259E1529F72F8300881C8B /* Project object */;
			proxyType = 1;
			remoteGlobalIDString = 43259E1C29F72F8300881C8B;
			remoteInfo = Moment;
		};
/* End PBXContainerItemProxy section */

/* Begin PBXFileReference section */
		43106CDC29F748CB005A7595 /* PhotoPostView.swift */ = {isa = PBXFileReference; lastKnownFileType = sourcecode.swift; path = PhotoPostView.swift; sourceTree = "<group>"; };
		43259E1D29F72F8300881C8B /* Moment.app */ = {isa = PBXFileReference; explicitFileType = wrapper.application; includeInIndex = 0; path = Moment.app; sourceTree = BUILT_PRODUCTS_DIR; };
		43259E2029F72F8300881C8B /* AppDelegate.swift */ = {isa = PBXFileReference; lastKnownFileType = sourcecode.swift; path = AppDelegate.swift; sourceTree = "<group>"; };
		43259E2229F72F8300881C8B /* SceneDelegate.swift */ = {isa = PBXFileReference; lastKnownFileType = sourcecode.swift; path = SceneDelegate.swift; sourceTree = "<group>"; };
		43259E2929F72F8400881C8B /* Assets.xcassets */ = {isa = PBXFileReference; lastKnownFileType = folder.assetcatalog; path = Assets.xcassets; sourceTree = "<group>"; };
		43259E2C29F72F8400881C8B /* Base */ = {isa = PBXFileReference; lastKnownFileType = file.storyboard; name = Base; path = Base.lproj/LaunchScreen.storyboard; sourceTree = "<group>"; };
		43259E2E29F72F8400881C8B /* Info.plist */ = {isa = PBXFileReference; lastKnownFileType = text.plist.xml; path = Info.plist; sourceTree = "<group>"; };
		43259E3329F72F8500881C8B /* MomentTests.xctest */ = {isa = PBXFileReference; explicitFileType = wrapper.cfbundle; includeInIndex = 0; path = MomentTests.xctest; sourceTree = BUILT_PRODUCTS_DIR; };
		43259E3729F72F8500881C8B /* MomentTests.swift */ = {isa = PBXFileReference; lastKnownFileType = sourcecode.swift; path = MomentTests.swift; sourceTree = "<group>"; };
		43259E3D29F72F8500881C8B /* MomentUITests.xctest */ = {isa = PBXFileReference; explicitFileType = wrapper.cfbundle; includeInIndex = 0; path = MomentUITests.xctest; sourceTree = BUILT_PRODUCTS_DIR; };
		43259E4129F72F8500881C8B /* MomentUITests.swift */ = {isa = PBXFileReference; lastKnownFileType = sourcecode.swift; path = MomentUITests.swift; sourceTree = "<group>"; };
		43259E4329F72F8500881C8B /* MomentUITestsLaunchTests.swift */ = {isa = PBXFileReference; lastKnownFileType = sourcecode.swift; path = MomentUITestsLaunchTests.swift; sourceTree = "<group>"; };
		43259E5A29F730F800881C8B /* NibLoadable.swift */ = {isa = PBXFileReference; lastKnownFileType = sourcecode.swift; path = NibLoadable.swift; sourceTree = "<group>"; };
		43259E5D29F7313800881C8B /* ViewControllerFactory.swift */ = {isa = PBXFileReference; lastKnownFileType = sourcecode.swift; path = ViewControllerFactory.swift; sourceTree = "<group>"; };
		43259E5F29F7315600881C8B /* HomeViewController.swift */ = {isa = PBXFileReference; lastKnownFileType = sourcecode.swift; path = HomeViewController.swift; sourceTree = "<group>"; };
		43259E6029F7315600881C8B /* HomeViewController.xib */ = {isa = PBXFileReference; lastKnownFileType = file.xib; path = HomeViewController.xib; sourceTree = "<group>"; };
		43259E6429F731C900881C8B /* HomeAssembly.swift */ = {isa = PBXFileReference; lastKnownFileType = sourcecode.swift; path = HomeAssembly.swift; sourceTree = "<group>"; };
		43259E6729F7323700881C8B /* ViewControllerFactoryAssembly.swift */ = {isa = PBXFileReference; lastKnownFileType = sourcecode.swift; path = ViewControllerFactoryAssembly.swift; sourceTree = "<group>"; };
		43259E6929F7375E00881C8B /* PhotosPostView.swift */ = {isa = PBXFileReference; lastKnownFileType = sourcecode.swift; path = PhotosPostView.swift; sourceTree = "<group>"; };
/* End PBXFileReference section */

/* Begin PBXFrameworksBuildPhase section */
		43259E1A29F72F8300881C8B /* Frameworks */ = {
			isa = PBXFrameworksBuildPhase;
			buildActionMask = 2147483647;
			files = (
				43259E5229F7308300881C8B /* Swinject in Frameworks */,
			);
			runOnlyForDeploymentPostprocessing = 0;
		};
		43259E3029F72F8500881C8B /* Frameworks */ = {
			isa = PBXFrameworksBuildPhase;
			buildActionMask = 2147483647;
			files = (
			);
			runOnlyForDeploymentPostprocessing = 0;
		};
		43259E3A29F72F8500881C8B /* Frameworks */ = {
			isa = PBXFrameworksBuildPhase;
			buildActionMask = 2147483647;
			files = (
			);
			runOnlyForDeploymentPostprocessing = 0;
		};
/* End PBXFrameworksBuildPhase section */

/* Begin PBXGroup section */
		43259E1429F72F8300881C8B = {
			isa = PBXGroup;
			children = (
				43259E1F29F72F8300881C8B /* Moment */,
				43259E3629F72F8500881C8B /* MomentTests */,
				43259E4029F72F8500881C8B /* MomentUITests */,
				43259E1E29F72F8300881C8B /* Products */,
			);
			sourceTree = "<group>";
		};
		43259E1E29F72F8300881C8B /* Products */ = {
			isa = PBXGroup;
			children = (
				43259E1D29F72F8300881C8B /* Moment.app */,
				43259E3329F72F8500881C8B /* MomentTests.xctest */,
				43259E3D29F72F8500881C8B /* MomentUITests.xctest */,
			);
			name = Products;
			sourceTree = "<group>";
		};
		43259E1F29F72F8300881C8B /* Moment */ = {
			isa = PBXGroup;
			children = (
				43259E5329F7309500881C8B /* DI */,
				43259E5429F7309900881C8B /* Screens */,
				43259E5529F730A400881C8B /* Views */,
				43259E5729F730AD00881C8B /* Network */,
				43259E5629F730A800881C8B /* Services */,
				43259E5C29F7312D00881C8B /* Common */,
				43259E5929F730D000881C8B /* Utils */,
				43259E2029F72F8300881C8B /* AppDelegate.swift */,
				43259E2229F72F8300881C8B /* SceneDelegate.swift */,
				43259E2E29F72F8400881C8B /* Info.plist */,
				43259E2929F72F8400881C8B /* Assets.xcassets */,
				43259E2B29F72F8400881C8B /* LaunchScreen.storyboard */,
			);
			path = Moment;
			sourceTree = "<group>";
		};
		43259E3629F72F8500881C8B /* MomentTests */ = {
			isa = PBXGroup;
			children = (
				43259E3729F72F8500881C8B /* MomentTests.swift */,
			);
			path = MomentTests;
			sourceTree = "<group>";
		};
		43259E4029F72F8500881C8B /* MomentUITests */ = {
			isa = PBXGroup;
			children = (
				43259E4129F72F8500881C8B /* MomentUITests.swift */,
				43259E4329F72F8500881C8B /* MomentUITestsLaunchTests.swift */,
			);
			path = MomentUITests;
			sourceTree = "<group>";
		};
		43259E5329F7309500881C8B /* DI */ = {
			isa = PBXGroup;
			children = (
				43259E6629F7322900881C8B /* Common */,
				43259E6329F731B000881C8B /* Screens */,
			);
			path = DI;
			sourceTree = "<group>";
		};
		43259E5429F7309900881C8B /* Screens */ = {
			isa = PBXGroup;
			children = (
				43259E5829F730C900881C8B /* Home */,
			);
			path = Screens;
			sourceTree = "<group>";
		};
		43259E5529F730A400881C8B /* Views */ = {
			isa = PBXGroup;
			children = (
				43259E6929F7375E00881C8B /* PhotosPostView.swift */,
				43106CDC29F748CB005A7595 /* PhotoPostView.swift */,
			);
			path = Views;
			sourceTree = "<group>";
		};
		43259E5629F730A800881C8B /* Services */ = {
			isa = PBXGroup;
			children = (
			);
			path = Services;
			sourceTree = "<group>";
		};
		43259E5729F730AD00881C8B /* Network */ = {
			isa = PBXGroup;
			children = (
			);
			path = Network;
			sourceTree = "<group>";
		};
		43259E5829F730C900881C8B /* Home */ = {
			isa = PBXGroup;
			children = (
				43259E5F29F7315600881C8B /* HomeViewController.swift */,
				43259E6029F7315600881C8B /* HomeViewController.xib */,
			);
			path = Home;
			sourceTree = "<group>";
		};
		43259E5929F730D000881C8B /* Utils */ = {
			isa = PBXGroup;
			children = (
				43259E5A29F730F800881C8B /* NibLoadable.swift */,
			);
			path = Utils;
			sourceTree = "<group>";
		};
		43259E5C29F7312D00881C8B /* Common */ = {
			isa = PBXGroup;
			children = (
				43259E5D29F7313800881C8B /* ViewControllerFactory.swift */,
			);
			path = Common;
			sourceTree = "<group>";
		};
		43259E6329F731B000881C8B /* Screens */ = {
			isa = PBXGroup;
			children = (
				43259E6429F731C900881C8B /* HomeAssembly.swift */,
			);
			path = Screens;
			sourceTree = "<group>";
		};
		43259E6629F7322900881C8B /* Common */ = {
			isa = PBXGroup;
			children = (
				43259E6729F7323700881C8B /* ViewControllerFactoryAssembly.swift */,
			);
			path = Common;
			sourceTree = "<group>";
		};
/* End PBXGroup section */

/* Begin PBXNativeTarget section */
		43259E1C29F72F8300881C8B /* Moment */ = {
			isa = PBXNativeTarget;
			buildConfigurationList = 43259E4729F72F8500881C8B /* Build configuration list for PBXNativeTarget "Moment" */;
			buildPhases = (
				43259E1929F72F8300881C8B /* Sources */,
				43259E1A29F72F8300881C8B /* Frameworks */,
				43259E1B29F72F8300881C8B /* Resources */,
			);
			buildRules = (
			);
			dependencies = (
			);
			name = Moment;
			packageProductDependencies = (
				43259E5129F7308300881C8B /* Swinject */,
			);
			productName = Moment;
			productReference = 43259E1D29F72F8300881C8B /* Moment.app */;
			productType = "com.apple.product-type.application";
		};
		43259E3229F72F8500881C8B /* MomentTests */ = {
			isa = PBXNativeTarget;
			buildConfigurationList = 43259E4A29F72F8500881C8B /* Build configuration list for PBXNativeTarget "MomentTests" */;
			buildPhases = (
				43259E2F29F72F8500881C8B /* Sources */,
				43259E3029F72F8500881C8B /* Frameworks */,
				43259E3129F72F8500881C8B /* Resources */,
			);
			buildRules = (
			);
			dependencies = (
				43259E3529F72F8500881C8B /* PBXTargetDependency */,
			);
			name = MomentTests;
			productName = MomentTests;
			productReference = 43259E3329F72F8500881C8B /* MomentTests.xctest */;
			productType = "com.apple.product-type.bundle.unit-test";
		};
		43259E3C29F72F8500881C8B /* MomentUITests */ = {
			isa = PBXNativeTarget;
			buildConfigurationList = 43259E4D29F72F8500881C8B /* Build configuration list for PBXNativeTarget "MomentUITests" */;
			buildPhases = (
				43259E3929F72F8500881C8B /* Sources */,
				43259E3A29F72F8500881C8B /* Frameworks */,
				43259E3B29F72F8500881C8B /* Resources */,
			);
			buildRules = (
			);
			dependencies = (
				43259E3F29F72F8500881C8B /* PBXTargetDependency */,
			);
			name = MomentUITests;
			productName = MomentUITests;
			productReference = 43259E3D29F72F8500881C8B /* MomentUITests.xctest */;
			productType = "com.apple.product-type.bundle.ui-testing";
		};
/* End PBXNativeTarget section */

/* Begin PBXProject section */
		43259E1529F72F8300881C8B /* Project object */ = {
			isa = PBXProject;
			attributes = {
				BuildIndependentTargetsInParallel = 1;
				LastSwiftUpdateCheck = 1430;
				LastUpgradeCheck = 1430;
				ORGANIZATIONNAME = MEMTARHAN;
				TargetAttributes = {
					43259E1C29F72F8300881C8B = {
						CreatedOnToolsVersion = 14.3;
					};
					43259E3229F72F8500881C8B = {
						CreatedOnToolsVersion = 14.3;
						TestTargetID = 43259E1C29F72F8300881C8B;
					};
					43259E3C29F72F8500881C8B = {
						CreatedOnToolsVersion = 14.3;
						TestTargetID = 43259E1C29F72F8300881C8B;
					};
				};
			};
			buildConfigurationList = 43259E1829F72F8300881C8B /* Build configuration list for PBXProject "Moment" */;
			compatibilityVersion = "Xcode 14.0";
			developmentRegion = en;
			hasScannedForEncodings = 0;
			knownRegions = (
				en,
				Base,
			);
			mainGroup = 43259E1429F72F8300881C8B;
			packageReferences = (
				43259E5029F7308300881C8B /* XCRemoteSwiftPackageReference "Swinject" */,
			);
			productRefGroup = 43259E1E29F72F8300881C8B /* Products */;
			projectDirPath = "";
			projectRoot = "";
			targets = (
				43259E1C29F72F8300881C8B /* Moment */,
				43259E3229F72F8500881C8B /* MomentTests */,
				43259E3C29F72F8500881C8B /* MomentUITests */,
			);
		};
/* End PBXProject section */

/* Begin PBXResourcesBuildPhase section */
		43259E1B29F72F8300881C8B /* Resources */ = {
			isa = PBXResourcesBuildPhase;
			buildActionMask = 2147483647;
			files = (
				43259E2D29F72F8400881C8B /* LaunchScreen.storyboard in Resources */,
				43259E2A29F72F8400881C8B /* Assets.xcassets in Resources */,
				43259E6229F7315600881C8B /* HomeViewController.xib in Resources */,
			);
			runOnlyForDeploymentPostprocessing = 0;
		};
		43259E3129F72F8500881C8B /* Resources */ = {
			isa = PBXResourcesBuildPhase;
			buildActionMask = 2147483647;
			files = (
			);
			runOnlyForDeploymentPostprocessing = 0;
		};
		43259E3B29F72F8500881C8B /* Resources */ = {
			isa = PBXResourcesBuildPhase;
			buildActionMask = 2147483647;
			files = (
			);
			runOnlyForDeploymentPostprocessing = 0;
		};
/* End PBXResourcesBuildPhase section */

/* Begin PBXSourcesBuildPhase section */
		43259E1929F72F8300881C8B /* Sources */ = {
			isa = PBXSourcesBuildPhase;
			buildActionMask = 2147483647;
			files = (
				43259E5E29F7313800881C8B /* ViewControllerFactory.swift in Sources */,
				43259E5B29F730F800881C8B /* NibLoadable.swift in Sources */,
				43259E2129F72F8300881C8B /* AppDelegate.swift in Sources */,
				43259E2329F72F8300881C8B /* SceneDelegate.swift in Sources */,
				43259E6829F7323700881C8B /* ViewControllerFactoryAssembly.swift in Sources */,
				43259E6A29F7375E00881C8B /* PhotosPostView.swift in Sources */,
				43259E6129F7315600881C8B /* HomeViewController.swift in Sources */,
				43106CDD29F748CB005A7595 /* PhotoPostView.swift in Sources */,
				43259E6529F731C900881C8B /* HomeAssembly.swift in Sources */,
			);
			runOnlyForDeploymentPostprocessing = 0;
		};
		43259E2F29F72F8500881C8B /* Sources */ = {
			isa = PBXSourcesBuildPhase;
			buildActionMask = 2147483647;
			files = (
				43259E3829F72F8500881C8B /* MomentTests.swift in Sources */,
			);
			runOnlyForDeploymentPostprocessing = 0;
		};
		43259E3929F72F8500881C8B /* Sources */ = {
			isa = PBXSourcesBuildPhase;
			buildActionMask = 2147483647;
			files = (
				43259E4429F72F8500881C8B /* MomentUITestsLaunchTests.swift in Sources */,
				43259E4229F72F8500881C8B /* MomentUITests.swift in Sources */,
			);
			runOnlyForDeploymentPostprocessing = 0;
		};
/* End PBXSourcesBuildPhase section */

/* Begin PBXTargetDependency section */
		43259E3529F72F8500881C8B /* PBXTargetDependency */ = {
			isa = PBXTargetDependency;
			target = 43259E1C29F72F8300881C8B /* Moment */;
			targetProxy = 43259E3429F72F8500881C8B /* PBXContainerItemProxy */;
		};
		43259E3F29F72F8500881C8B /* PBXTargetDependency */ = {
			isa = PBXTargetDependency;
			target = 43259E1C29F72F8300881C8B /* Moment */;
			targetProxy = 43259E3E29F72F8500881C8B /* PBXContainerItemProxy */;
		};
/* End PBXTargetDependency section */

/* Begin PBXVariantGroup section */
		43259E2B29F72F8400881C8B /* LaunchScreen.storyboard */ = {
			isa = PBXVariantGroup;
			children = (
				43259E2C29F72F8400881C8B /* Base */,
			);
			name = LaunchScreen.storyboard;
			sourceTree = "<group>";
		};
/* End PBXVariantGroup section */

/* Begin XCBuildConfiguration section */
		43259E4529F72F8500881C8B /* Debug */ = {
			isa = XCBuildConfiguration;
			buildSettings = {
				ALWAYS_SEARCH_USER_PATHS = NO;
				CLANG_ANALYZER_NONNULL = YES;
				CLANG_ANALYZER_NUMBER_OBJECT_CONVERSION = YES_AGGRESSIVE;
				CLANG_CXX_LANGUAGE_STANDARD = "gnu++20";
				CLANG_ENABLE_MODULES = YES;
				CLANG_ENABLE_OBJC_ARC = YES;
				CLANG_ENABLE_OBJC_WEAK = YES;
				CLANG_WARN_BLOCK_CAPTURE_AUTORELEASING = YES;
				CLANG_WARN_BOOL_CONVERSION = YES;
				CLANG_WARN_COMMA = YES;
				CLANG_WARN_CONSTANT_CONVERSION = YES;
				CLANG_WARN_DEPRECATED_OBJC_IMPLEMENTATIONS = YES;
				CLANG_WARN_DIRECT_OBJC_ISA_USAGE = YES_ERROR;
				CLANG_WARN_DOCUMENTATION_COMMENTS = YES;
				CLANG_WARN_EMPTY_BODY = YES;
				CLANG_WARN_ENUM_CONVERSION = YES;
				CLANG_WARN_INFINITE_RECURSION = YES;
				CLANG_WARN_INT_CONVERSION = YES;
				CLANG_WARN_NON_LITERAL_NULL_CONVERSION = YES;
				CLANG_WARN_OBJC_IMPLICIT_RETAIN_SELF = YES;
				CLANG_WARN_OBJC_LITERAL_CONVERSION = YES;
				CLANG_WARN_OBJC_ROOT_CLASS = YES_ERROR;
				CLANG_WARN_QUOTED_INCLUDE_IN_FRAMEWORK_HEADER = YES;
				CLANG_WARN_RANGE_LOOP_ANALYSIS = YES;
				CLANG_WARN_STRICT_PROTOTYPES = YES;
				CLANG_WARN_SUSPICIOUS_MOVE = YES;
				CLANG_WARN_UNGUARDED_AVAILABILITY = YES_AGGRESSIVE;
				CLANG_WARN_UNREACHABLE_CODE = YES;
				CLANG_WARN__DUPLICATE_METHOD_MATCH = YES;
				COPY_PHASE_STRIP = NO;
				DEBUG_INFORMATION_FORMAT = dwarf;
				ENABLE_STRICT_OBJC_MSGSEND = YES;
				ENABLE_TESTABILITY = YES;
				GCC_C_LANGUAGE_STANDARD = gnu11;
				GCC_DYNAMIC_NO_PIC = NO;
				GCC_NO_COMMON_BLOCKS = YES;
				GCC_OPTIMIZATION_LEVEL = 0;
				GCC_PREPROCESSOR_DEFINITIONS = (
					"DEBUG=1",
					"$(inherited)",
				);
				GCC_WARN_64_TO_32_BIT_CONVERSION = YES;
				GCC_WARN_ABOUT_RETURN_TYPE = YES_ERROR;
				GCC_WARN_UNDECLARED_SELECTOR = YES;
				GCC_WARN_UNINITIALIZED_AUTOS = YES_AGGRESSIVE;
				GCC_WARN_UNUSED_FUNCTION = YES;
				GCC_WARN_UNUSED_VARIABLE = YES;
				IPHONEOS_DEPLOYMENT_TARGET = 16.4;
				MTL_ENABLE_DEBUG_INFO = INCLUDE_SOURCE;
				MTL_FAST_MATH = YES;
				ONLY_ACTIVE_ARCH = YES;
				SDKROOT = iphoneos;
				SWIFT_ACTIVE_COMPILATION_CONDITIONS = DEBUG;
				SWIFT_OPTIMIZATION_LEVEL = "-Onone";
			};
			name = Debug;
		};
		43259E4629F72F8500881C8B /* Release */ = {
			isa = XCBuildConfiguration;
			buildSettings = {
				ALWAYS_SEARCH_USER_PATHS = NO;
				CLANG_ANALYZER_NONNULL = YES;
				CLANG_ANALYZER_NUMBER_OBJECT_CONVERSION = YES_AGGRESSIVE;
				CLANG_CXX_LANGUAGE_STANDARD = "gnu++20";
				CLANG_ENABLE_MODULES = YES;
				CLANG_ENABLE_OBJC_ARC = YES;
				CLANG_ENABLE_OBJC_WEAK = YES;
				CLANG_WARN_BLOCK_CAPTURE_AUTORELEASING = YES;
				CLANG_WARN_BOOL_CONVERSION = YES;
				CLANG_WARN_COMMA = YES;
				CLANG_WARN_CONSTANT_CONVERSION = YES;
				CLANG_WARN_DEPRECATED_OBJC_IMPLEMENTATIONS = YES;
				CLANG_WARN_DIRECT_OBJC_ISA_USAGE = YES_ERROR;
				CLANG_WARN_DOCUMENTATION_COMMENTS = YES;
				CLANG_WARN_EMPTY_BODY = YES;
				CLANG_WARN_ENUM_CONVERSION = YES;
				CLANG_WARN_INFINITE_RECURSION = YES;
				CLANG_WARN_INT_CONVERSION = YES;
				CLANG_WARN_NON_LITERAL_NULL_CONVERSION = YES;
				CLANG_WARN_OBJC_IMPLICIT_RETAIN_SELF = YES;
				CLANG_WARN_OBJC_LITERAL_CONVERSION = YES;
				CLANG_WARN_OBJC_ROOT_CLASS = YES_ERROR;
				CLANG_WARN_QUOTED_INCLUDE_IN_FRAMEWORK_HEADER = YES;
				CLANG_WARN_RANGE_LOOP_ANALYSIS = YES;
				CLANG_WARN_STRICT_PROTOTYPES = YES;
				CLANG_WARN_SUSPICIOUS_MOVE = YES;
				CLANG_WARN_UNGUARDED_AVAILABILITY = YES_AGGRESSIVE;
				CLANG_WARN_UNREACHABLE_CODE = YES;
				CLANG_WARN__DUPLICATE_METHOD_MATCH = YES;
				COPY_PHASE_STRIP = NO;
				DEBUG_INFORMATION_FORMAT = "dwarf-with-dsym";
				ENABLE_NS_ASSERTIONS = NO;
				ENABLE_STRICT_OBJC_MSGSEND = YES;
				GCC_C_LANGUAGE_STANDARD = gnu11;
				GCC_NO_COMMON_BLOCKS = YES;
				GCC_WARN_64_TO_32_BIT_CONVERSION = YES;
				GCC_WARN_ABOUT_RETURN_TYPE = YES_ERROR;
				GCC_WARN_UNDECLARED_SELECTOR = YES;
				GCC_WARN_UNINITIALIZED_AUTOS = YES_AGGRESSIVE;
				GCC_WARN_UNUSED_FUNCTION = YES;
				GCC_WARN_UNUSED_VARIABLE = YES;
				IPHONEOS_DEPLOYMENT_TARGET = 16.4;
				MTL_ENABLE_DEBUG_INFO = NO;
				MTL_FAST_MATH = YES;
				SDKROOT = iphoneos;
				SWIFT_COMPILATION_MODE = wholemodule;
				SWIFT_OPTIMIZATION_LEVEL = "-O";
				VALIDATE_PRODUCT = YES;
			};
			name = Release;
		};
		43259E4829F72F8500881C8B /* Debug */ = {
			isa = XCBuildConfiguration;
			buildSettings = {
				ASSETCATALOG_COMPILER_APPICON_NAME = AppIcon;
				ASSETCATALOG_COMPILER_GLOBAL_ACCENT_COLOR_NAME = AccentColor;
				CODE_SIGN_STYLE = Automatic;
				CURRENT_PROJECT_VERSION = 1;
				DEVELOPMENT_TEAM = 2L9L899V66;
				GENERATE_INFOPLIST_FILE = YES;
				INFOPLIST_FILE = Moment/Info.plist;
				INFOPLIST_KEY_UIApplicationSupportsIndirectInputEvents = YES;
				INFOPLIST_KEY_UILaunchStoryboardName = LaunchScreen;
				INFOPLIST_KEY_UIMainStoryboardFile = "";
				INFOPLIST_KEY_UISupportedInterfaceOrientations_iPad = "UIInterfaceOrientationPortrait UIInterfaceOrientationPortraitUpsideDown UIInterfaceOrientationLandscapeLeft UIInterfaceOrientationLandscapeRight";
				INFOPLIST_KEY_UISupportedInterfaceOrientations_iPhone = "UIInterfaceOrientationPortrait UIInterfaceOrientationLandscapeLeft UIInterfaceOrientationLandscapeRight";
				LD_RUNPATH_SEARCH_PATHS = (
					"$(inherited)",
					"@executable_path/Frameworks",
				);
				MARKETING_VERSION = 1.0;
				PRODUCT_BUNDLE_IDENTIFIER = com.memtarhan.Moment;
				PRODUCT_NAME = "$(TARGET_NAME)";
				SWIFT_EMIT_LOC_STRINGS = YES;
				SWIFT_VERSION = 5.0;
				TARGETED_DEVICE_FAMILY = "1,2";
			};
			name = Debug;
		};
		43259E4929F72F8500881C8B /* Release */ = {
			isa = XCBuildConfiguration;
			buildSettings = {
				ASSETCATALOG_COMPILER_APPICON_NAME = AppIcon;
				ASSETCATALOG_COMPILER_GLOBAL_ACCENT_COLOR_NAME = AccentColor;
				CODE_SIGN_STYLE = Automatic;
				CURRENT_PROJECT_VERSION = 1;
				DEVELOPMENT_TEAM = 2L9L899V66;
				GENERATE_INFOPLIST_FILE = YES;
				INFOPLIST_FILE = Moment/Info.plist;
				INFOPLIST_KEY_UIApplicationSupportsIndirectInputEvents = YES;
				INFOPLIST_KEY_UILaunchStoryboardName = LaunchScreen;
				INFOPLIST_KEY_UIMainStoryboardFile = "";
				INFOPLIST_KEY_UISupportedInterfaceOrientations_iPad = "UIInterfaceOrientationPortrait UIInterfaceOrientationPortraitUpsideDown UIInterfaceOrientationLandscapeLeft UIInterfaceOrientationLandscapeRight";
				INFOPLIST_KEY_UISupportedInterfaceOrientations_iPhone = "UIInterfaceOrientationPortrait UIInterfaceOrientationLandscapeLeft UIInterfaceOrientationLandscapeRight";
				LD_RUNPATH_SEARCH_PATHS = (
					"$(inherited)",
					"@executable_path/Frameworks",
				);
				MARKETING_VERSION = 1.0;
				PRODUCT_BUNDLE_IDENTIFIER = com.memtarhan.Moment;
				PRODUCT_NAME = "$(TARGET_NAME)";
				SWIFT_EMIT_LOC_STRINGS = YES;
				SWIFT_VERSION = 5.0;
				TARGETED_DEVICE_FAMILY = "1,2";
			};
			name = Release;
		};
		43259E4B29F72F8500881C8B /* Debug */ = {
			isa = XCBuildConfiguration;
			buildSettings = {
				ALWAYS_EMBED_SWIFT_STANDARD_LIBRARIES = YES;
				BUNDLE_LOADER = "$(TEST_HOST)";
				CODE_SIGN_STYLE = Automatic;
				CURRENT_PROJECT_VERSION = 1;
				DEVELOPMENT_TEAM = 2L9L899V66;
				GENERATE_INFOPLIST_FILE = YES;
				IPHONEOS_DEPLOYMENT_TARGET = 16.4;
				MARKETING_VERSION = 1.0;
				PRODUCT_BUNDLE_IDENTIFIER = com.memtarhan.MomentTests;
				PRODUCT_NAME = "$(TARGET_NAME)";
				SWIFT_EMIT_LOC_STRINGS = NO;
				SWIFT_VERSION = 5.0;
				TARGETED_DEVICE_FAMILY = "1,2";
				TEST_HOST = "$(BUILT_PRODUCTS_DIR)/Moment.app/$(BUNDLE_EXECUTABLE_FOLDER_PATH)/Moment";
			};
			name = Debug;
		};
		43259E4C29F72F8500881C8B /* Release */ = {
			isa = XCBuildConfiguration;
			buildSettings = {
				ALWAYS_EMBED_SWIFT_STANDARD_LIBRARIES = YES;
				BUNDLE_LOADER = "$(TEST_HOST)";
				CODE_SIGN_STYLE = Automatic;
				CURRENT_PROJECT_VERSION = 1;
				DEVELOPMENT_TEAM = 2L9L899V66;
				GENERATE_INFOPLIST_FILE = YES;
				IPHONEOS_DEPLOYMENT_TARGET = 16.4;
				MARKETING_VERSION = 1.0;
				PRODUCT_BUNDLE_IDENTIFIER = com.memtarhan.MomentTests;
				PRODUCT_NAME = "$(TARGET_NAME)";
				SWIFT_EMIT_LOC_STRINGS = NO;
				SWIFT_VERSION = 5.0;
				TARGETED_DEVICE_FAMILY = "1,2";
				TEST_HOST = "$(BUILT_PRODUCTS_DIR)/Moment.app/$(BUNDLE_EXECUTABLE_FOLDER_PATH)/Moment";
			};
			name = Release;
		};
		43259E4E29F72F8500881C8B /* Debug */ = {
			isa = XCBuildConfiguration;
			buildSettings = {
				ALWAYS_EMBED_SWIFT_STANDARD_LIBRARIES = YES;
				CODE_SIGN_STYLE = Automatic;
				CURRENT_PROJECT_VERSION = 1;
				DEVELOPMENT_TEAM = 2L9L899V66;
				GENERATE_INFOPLIST_FILE = YES;
				MARKETING_VERSION = 1.0;
				PRODUCT_BUNDLE_IDENTIFIER = com.memtarhan.MomentUITests;
				PRODUCT_NAME = "$(TARGET_NAME)";
				SWIFT_EMIT_LOC_STRINGS = NO;
				SWIFT_VERSION = 5.0;
				TARGETED_DEVICE_FAMILY = "1,2";
				TEST_TARGET_NAME = Moment;
			};
			name = Debug;
		};
		43259E4F29F72F8500881C8B /* Release */ = {
			isa = XCBuildConfiguration;
			buildSettings = {
				ALWAYS_EMBED_SWIFT_STANDARD_LIBRARIES = YES;
				CODE_SIGN_STYLE = Automatic;
				CURRENT_PROJECT_VERSION = 1;
				DEVELOPMENT_TEAM = 2L9L899V66;
				GENERATE_INFOPLIST_FILE = YES;
				MARKETING_VERSION = 1.0;
				PRODUCT_BUNDLE_IDENTIFIER = com.memtarhan.MomentUITests;
				PRODUCT_NAME = "$(TARGET_NAME)";
				SWIFT_EMIT_LOC_STRINGS = NO;
				SWIFT_VERSION = 5.0;
				TARGETED_DEVICE_FAMILY = "1,2";
				TEST_TARGET_NAME = Moment;
			};
			name = Release;
		};
/* End XCBuildConfiguration section */

/* Begin XCConfigurationList section */
		43259E1829F72F8300881C8B /* Build configuration list for PBXProject "Moment" */ = {
			isa = XCConfigurationList;
			buildConfigurations = (
				43259E4529F72F8500881C8B /* Debug */,
				43259E4629F72F8500881C8B /* Release */,
			);
			defaultConfigurationIsVisible = 0;
			defaultConfigurationName = Release;
		};
		43259E4729F72F8500881C8B /* Build configuration list for PBXNativeTarget "Moment" */ = {
			isa = XCConfigurationList;
			buildConfigurations = (
				43259E4829F72F8500881C8B /* Debug */,
				43259E4929F72F8500881C8B /* Release */,
			);
			defaultConfigurationIsVisible = 0;
			defaultConfigurationName = Release;
		};
		43259E4A29F72F8500881C8B /* Build configuration list for PBXNativeTarget "MomentTests" */ = {
			isa = XCConfigurationList;
			buildConfigurations = (
				43259E4B29F72F8500881C8B /* Debug */,
				43259E4C29F72F8500881C8B /* Release */,
			);
			defaultConfigurationIsVisible = 0;
			defaultConfigurationName = Release;
		};
		43259E4D29F72F8500881C8B /* Build configuration list for PBXNativeTarget "MomentUITests" */ = {
			isa = XCConfigurationList;
			buildConfigurations = (
				43259E4E29F72F8500881C8B /* Debug */,
				43259E4F29F72F8500881C8B /* Release */,
			);
			defaultConfigurationIsVisible = 0;
			defaultConfigurationName = Release;
		};
/* End XCConfigurationList section */

/* Begin XCRemoteSwiftPackageReference section */
		43259E5029F7308300881C8B /* XCRemoteSwiftPackageReference "Swinject" */ = {
			isa = XCRemoteSwiftPackageReference;
			repositoryURL = "https://github.com/Swinject/Swinject.git";
			requirement = {
				kind = upToNextMajorVersion;
				minimumVersion = 2.0.0;
			};
		};
/* End XCRemoteSwiftPackageReference section */

/* Begin XCSwiftPackageProductDependency section */
		43259E5129F7308300881C8B /* Swinject */ = {
			isa = XCSwiftPackageProductDependency;
			package = 43259E5029F7308300881C8B /* XCRemoteSwiftPackageReference "Swinject" */;
			productName = Swinject;
		};
/* End XCSwiftPackageProductDependency section */
	};
	rootObject = 43259E1529F72F8300881C8B /* Project object */;
}
